// !$*UTF8*$!
{
	archiveVersion = 1;
	classes = {
	};
	objectVersion = 46;
	objects = {

/* Begin PBXBuildFile section */
		F119CA7C1C63C8A70029B4F0 /* AppDelegate.swift in Sources */ = {isa = PBXBuildFile; fileRef = F119CA7B1C63C8A70029B4F0 /* AppDelegate.swift */; };
		F119CA7E1C63C8A70029B4F0 /* ViewController.swift in Sources */ = {isa = PBXBuildFile; fileRef = F119CA7D1C63C8A70029B4F0 /* ViewController.swift */; };
		F119CA811C63C8A70029B4F0 /* Main.storyboard in Resources */ = {isa = PBXBuildFile; fileRef = F119CA7F1C63C8A70029B4F0 /* Main.storyboard */; };
		F119CA831C63C8A70029B4F0 /* Assets.xcassets in Resources */ = {isa = PBXBuildFile; fileRef = F119CA821C63C8A70029B4F0 /* Assets.xcassets */; };
		F119CA861C63C8A70029B4F0 /* LaunchScreen.storyboard in Resources */ = {isa = PBXBuildFile; fileRef = F119CA841C63C8A70029B4F0 /* LaunchScreen.storyboard */; };
/* End PBXBuildFile section */

/* Begin PBXFileReference section */
		F119CA781C63C8A70029B4F0 /* BullsEye.app */ = {isa = PBXFileReference; explicitFileType = wrapper.application; includeInIndex = 0; path = BullsEye.app; sourceTree = BUILT_PRODUCTS_DIR; };
		F119CA7B1C63C8A70029B4F0 /* AppDelegate.swift */ = {isa = PBXFileReference; lastKnownFileType = sourcecode.swift; path = AppDelegate.swift; sourceTree = "<group>"; };
		F119CA7D1C63C8A70029B4F0 /* ViewController.swift */ = {isa = PBXFileReference; lastKnownFileType = sourcecode.swift; path = ViewController.swift; sourceTree = "<group>"; };
		F119CA801C63C8A70029B4F0 /* Base */ = {isa = PBXFileReference; lastKnownFileType = file.storyboard; name = Base; path = Base.lproj/Main.storyboard; sourceTree = "<group>"; };
		F119CA821C63C8A70029B4F0 /* Assets.xcassets */ = {isa = PBXFileReference; lastKnownFileType = folder.assetcatalog; path = Assets.xcassets; sourceTree = "<group>"; };
		F119CA851C63C8A70029B4F0 /* Base */ = {isa = PBXFileReference; lastKnownFileType = file.storyboard; name = Base; path = Base.lproj/LaunchScreen.storyboard; sourceTree = "<group>"; };
		F119CA871C63C8A70029B4F0 /* Info.plist */ = {isa = PBXFileReference; lastKnownFileType = text.plist.xml; path = Info.plist; sourceTree = "<group>"; };
/* End PBXFileReference section */

/* Begin PBXFrameworksBuildPhase section */
		F119CA751C63C8A70029B4F0 /* Frameworks */ = {
			isa = PBXFrameworksBuildPhase;
			buildActionMask = 2147483647;
			files = (
			);
			runOnlyForDeploymentPostprocessing = 0;
		};
/* End PBXFrameworksBuildPhase section */

/* Begin PBXGroup section */
		F119CA6F1C63C8A70029B4F0 = {
			isa = PBXGroup;
			children = (
				F119CA7A1C63C8A70029B4F0 /* BullsEye */,
				F119CA791C63C8A70029B4F0 /* Products */,
			);
			sourceTree = "<group>";
		};
		F119CA791C63C8A70029B4F0 /* Products */ = {
			isa = PBXGroup;
			children = (
				F119CA781C63C8A70029B4F0 /* BullsEye.app */,
			);
			name = Products;
			sourceTree = "<group>";
		};
		F119CA7A1C63C8A70029B4F0 /* BullsEye */ = {
			isa = PBXGroup;
			children = (
				F119CA7B1C63C8A70029B4F0 /* AppDelegate.swift */,
				F119CA7D1C63C8A70029B4F0 /* ViewController.swift */,
				F119CA7F1C63C8A70029B4F0 /* Main.storyboard */,
				F119CA821C63C8A70029B4F0 /* Assets.xcassets */,
				F119CA841C63C8A70029B4F0 /* LaunchScreen.storyboard */,
				F119CA871C63C8A70029B4F0 /* Info.plist */,
			);
			path = BullsEye;
			sourceTree = "<group>";
		};
/* End PBXGroup section */

/* Begin PBXNativeTarget section */
		F119CA771C63C8A70029B4F0 /* BullsEye */ = {
			isa = PBXNativeTarget;
			buildConfigurationList = F119CA8A1C63C8A70029B4F0 /* Build configuration list for PBXNativeTarget "BullsEye" */;
			buildPhases = (
				F119CA741C63C8A70029B4F0 /* Sources */,
				F119CA751C63C8A70029B4F0 /* Frameworks */,
				F119CA761C63C8A70029B4F0 /* Resources */,
			);
			buildRules = (
			);
			dependencies = (
			);
			name = BullsEye;
			productName = BullsEye;
			productReference = F119CA781C63C8A70029B4F0 /* BullsEye.app */;
			productType = "com.apple.product-type.application";
		};
/* End PBXNativeTarget section */

/* Begin PBXProject section */
		F119CA701C63C8A70029B4F0 /* Project object */ = {
			isa = PBXProject;
			attributes = {
				LastSwiftUpdateCheck = 0710;
				LastUpgradeCheck = 0710;
				ORGANIZATIONNAME = Razeware;
				TargetAttributes = {
					F119CA771C63C8A70029B4F0 = {
						CreatedOnToolsVersion = 7.1;
					};
				};
			};
			buildConfigurationList = F119CA731C63C8A70029B4F0 /* Build configuration list for PBXProject "BullsEye" */;
			compatibilityVersion = "Xcode 3.2";
			developmentRegion = English;
			hasScannedForEncodings = 0;
			knownRegions = (
				en,
				Base,
			);
			mainGroup = F119CA6F1C63C8A70029B4F0;
			productRefGroup = F119CA791C63C8A70029B4F0 /* Products */;
			projectDirPath = "";
			projectRoot = "";
			targets = (
				F119CA771C63C8A70029B4F0 /* BullsEye */,
			);
		};
/* End PBXProject section */

/* Begin PBXResourcesBuildPhase section */
		F119CA761C63C8A70029B4F0 /* Resources */ = {
			isa = PBXResourcesBuildPhase;
			buildActionMask = 2147483647;
			files = (
				F119CA861C63C8A70029B4F0 /* LaunchScreen.storyboard in Resources */,
				F119CA831C63C8A70029B4F0 /* Assets.xcassets in Resources */,
				F119CA811C63C8A70029B4F0 /* Main.storyboard in Resources */,
			);
			runOnlyForDeploymentPostprocessing = 0;
		};
/* End PBXResourcesBuildPhase section */

/* Begin PBXSourcesBuildPhase section */
		F119CA741C63C8A70029B4F0 /* Sources */ = {
			isa = PBXSourcesBuildPhase;
			buildActionMask = 2147483647;
			files = (
				F119CA7E1C63C8A70029B4F0 /* ViewController.swift in Sources */,
				F119CA7C1C63C8A70029B4F0 /* AppDelegate.swift in Sources */,
			);
			runOnlyForDeploymentPostprocessing = 0;
		};
/* End PBXSourcesBuildPhase section */

/* Begin PBXVariantGroup section */
		F119CA7F1C63C8A70029B4F0 /* Main.storyboard */ = {
			isa = PBXVariantGroup;
			children = (
				F119CA801C63C8A70029B4F0 /* Base */,
			);
			name = Main.storyboard;
			sourceTree = "<group>";
		};
		F119CA841C63C8A70029B4F0 /* LaunchScreen.storyboard */ = {
			isa = PBXVariantGroup;
			children = (
				F119CA851C63C8A70029B4F0 /* Base */,
			);
			name = LaunchScreen.storyboard;
			sourceTree = "<group>";
		};
/* End PBXVariantGroup section */

/* Begin XCBuildConfiguration section */
		F119CA881C63C8A70029B4F0 /* Debug */ = {
			isa = XCBuildConfiguration;
			buildSettings = {
				ALWAYS_SEARCH_USER_PATHS = NO;
				CLANG_CXX_LANGUAGE_STANDARD = "gnu++0x";
				CLANG_CXX_LIBRARY = "libc++";
				CLANG_ENABLE_MODULES = YES;
				CLANG_ENABLE_OBJC_ARC = YES;
				CLANG_WARN_BOOL_CONVERSION = YES;
				CLANG_WARN_CONSTANT_CONVERSION = YES;
				CLANG_WARN_DIRECT_OBJC_ISA_USAGE = YES_ERROR;
				CLANG_WARN_EMPTY_BODY = YES;
				CLANG_WARN_ENUM_CONVERSION = YES;
				CLANG_WARN_INT_CONVERSION = YES;
				CLANG_WARN_OBJC_ROOT_CLASS = YES_ERROR;
				CLANG_WARN_UNREACHABLE_CODE = YES;
				CLANG_WARN__DUPLICATE_METHOD_MATCH = YES;
				"CODE_SIGN_IDENTITY[sdk=iphoneos*]" = "iPhone Developer";
				COPY_PHASE_STRIP = NO;
				DEBUG_INFORMATION_FORMAT = dwarf;
				ENABLE_STRICT_OBJC_MSGSEND = YES;
				ENABLE_TESTABILITY = YES;
				GCC_C_LANGUAGE_STANDARD = gnu99;
				GCC_DYNAMIC_NO_PIC = NO;
				GCC_NO_COMMON_BLOCKS = YES;
				GCC_OPTIMIZATION_LEVEL = 0;
				GCC_PREPROCESSOR_DEFINITIONS = (
					"DEBUG=1",
					"$(inherited)",
				);
				GCC_WARN_64_TO_32_BIT_CONVERSION = YES;
				GCC_WARN_ABOUT_RETURN_TYPE = YES_ERROR;
				GCC_WARN_UNDECLARED_SELECTOR = YES;
				GCC_WARN_UNINITIALIZED_AUTOS = YES_AGGRESSIVE;
				GCC_WARN_UNUSED_FUNCTION = YES;
				GCC_WARN_UNUSED_VARIABLE = YES;
				IPHONEOS_DEPLOYMENT_TARGET = 9.1;
				MTL_ENABLE_DEBUG_INFO = YES;
				ONLY_ACTIVE_ARCH = YES;
				SDKROOT = iphoneos;
				SWIFT_OPTIMIZATION_LEVEL = "-Onone";
				TARGETED_DEVICE_FAMILY = "1,2";
			};
			name = Debug;
		};
		F119CA891C63C8A70029B4F0 /* Release */ = {
			isa = XCBuildConfiguration;
			buildSettings = {
				ALWAYS_SEARCH_USER_PATHS = NO;
				CLANG_CXX_LANGUAGE_STANDARD = "gnu++0x";
				CLANG_CXX_LIBRARY = "libc++";
				CLANG_ENABLE_MODULES = YES;
				CLANG_ENABLE_OBJC_ARC = YES;
				CLANG_WARN_BOOL_CONVERSION = YES;
				CLANG_WARN_CONSTANT_CONVERSION = YES;
				CLANG_WARN_DIRECT_OBJC_ISA_USAGE = YES_ERROR;
				CLANG_WARN_EMPTY_BODY = YES;
				CLANG_WARN_ENUM_CONVERSION = YES;
				CLANG_WARN_INT_CONVERSION = YES;
				CLANG_WARN_OBJC_ROOT_CLASS = YES_ERROR;
				CLANG_WARN_UNREACHABLE_CODE = YES;
				CLANG_WARN__DUPLICATE_METHOD_MATCH = YES;
				"CODE_SIGN_IDENTITY[sdk=iphoneos*]" = "iPhone Developer";
				COPY_PHASE_STRIP = NO;
				DEBUG_INFORMATION_FORMAT = "dwarf-with-dsym";
				ENABLE_NS_ASSERTIONS = NO;
				ENABLE_STRICT_OBJC_MSGSEND = YES;
				GCC_C_LANGUAGE_STANDARD = gnu99;
				GCC_NO_COMMON_BLOCKS = YES;
				GCC_WARN_64_TO_32_BIT_CONVERSION = YES;
				GCC_WARN_ABOUT_RETURN_TYPE = YES_ERROR;
				GCC_WARN_UNDECLARED_SELECTOR = YES;
				GCC_WARN_UNINITIALIZED_AUTOS = YES_AGGRESSIVE;
				GCC_WARN_UNUSED_FUNCTION = YES;
				GCC_WARN_UNUSED_VARIABLE = YES;
				IPHONEOS_DEPLOYMENT_TARGET = 9.1;
				MTL_ENABLE_DEBUG_INFO = NO;
				SDKROOT = iphoneos;
				TARGETED_DEVICE_FAMILY = "1,2";
				VALIDATE_PRODUCT = YES;
			};
			name = Release;
		};
		F119CA8B1C63C8A70029B4F0 /* Debug */ = {
			isa = XCBuildConfiguration;
			buildSettings = {
				ASSETCATALOG_COMPILER_APPICON_NAME = AppIcon;
				INFOPLIST_FILE = BullsEye/Info.plist;
				LD_RUNPATH_SEARCH_PATHS = "$(inherited) @executable_path/Frameworks";
				PRODUCT_BUNDLE_IDENTIFIER = com.razeware.BullsEye;
				PRODUCT_NAME = "$(TARGET_NAME)";
			};
			name = Debug;
		};
		F119CA8C1C63C8A70029B4F0 /* Release */ = {
			isa = XCBuildConfiguration;
			buildSettings = {
				ASSETCATALOG_COMPILER_APPICON_NAME = AppIcon;
				INFOPLIST_FILE = BullsEye/Info.plist;
				LD_RUNPATH_SEARCH_PATHS = "$(inherited) @executable_path/Frameworks";
				PRODUCT_BUNDLE_IDENTIFIER = com.razeware.BullsEye;
				PRODUCT_NAME = "$(TARGET_NAME)";
			};
			name = Release;
		};
/* End XCBuildConfiguration section */

/* Begin XCConfigurationList section */
		F119CA731C63C8A70029B4F0 /* Build configuration list for PBXProject "BullsEye" */ = {
			isa = XCConfigurationList;
			buildConfigurations = (
				F119CA881C63C8A70029B4F0 /* Debug */,
				F119CA891C63C8A70029B4F0 /* Release */,
			);
			defaultConfigurationIsVisible = 0;
			defaultConfigurationName = Release;
		};
		F119CA8A1C63C8A70029B4F0 /* Build configuration list for PBXNativeTarget "BullsEye" */ = {
			isa = XCConfigurationList;
			buildConfigurations = (
				F119CA8B1C63C8A70029B4F0 /* Debug */,
				F119CA8C1C63C8A70029B4F0 /* Release */,
			);
			defaultConfigurationIsVisible = 0;
		};
/* End XCConfigurationList section */
	};
	rootObject = F119CA701C63C8A70029B4F0 /* Project object */;
}
